
Microsoft Visual Studio Solution File, Format Version 12.00
# Visual Studio 2015
Project("{FAE04EC0-301F-11D3-BF4B-00C04F79EFBC}") = "PI3-Sistema Autonomo.CSharp", "PI3-Sistema Autonomo.CSharp.csproj", "{B8DE9899-EF77-9383-0EBC-DE77A1EDBC01}"
EndProject
Project("{FAE04EC0-301F-11D3-BF4B-00C04F79EFBC}") = "PI3-Sistema Autonomo.CSharp.Editor", "PI3-Sistema Autonomo.CSharp.Editor.csproj", "{70D8C596-0074-5C64-D7F7-09677E681E89}"
EndProject
Global
	GlobalSection(SolutionConfigurationPlatforms) = preSolution
		Debug|Any CPU = Debug|Any CPU
		Release|Any CPU = Release|Any CPU
	EndGlobalSection
	GlobalSection(ProjectConfigurationPlatforms) = postSolution
		{B8DE9899-EF77-9383-0EBC-DE77A1EDBC01}.Debug|Any CPU.ActiveCfg = Debug|Any CPU
		{B8DE9899-EF77-9383-0EBC-DE77A1EDBC01}.Debug|Any CPU.Build.0 = Debug|Any CPU
		{B8DE9899-EF77-9383-0EBC-DE77A1EDBC01}.Release|Any CPU.ActiveCfg = Release|Any CPU
		{B8DE9899-EF77-9383-0EBC-DE77A1EDBC01}.Release|Any CPU.Build.0 = Release|Any CPU
		{70D8C596-0074-5C64-D7F7-09677E681E89}.Debug|Any CPU.ActiveCfg = Debug|Any CPU
		{70D8C596-0074-5C64-D7F7-09677E681E89}.Debug|Any CPU.Build.0 = Debug|Any CPU
		{70D8C596-0074-5C64-D7F7-09677E681E89}.Release|Any CPU.ActiveCfg = Release|Any CPU
		{70D8C596-0074-5C64-D7F7-09677E681E89}.Release|Any CPU.Build.0 = Release|Any CPU
	EndGlobalSection
	GlobalSection(SolutionProperties) = preSolution
		HideSolutionNode = FALSE
	EndGlobalSection
EndGlobal
